// !$*UTF8*$!
{
	archiveVersion = 1;
	classes = {
	};
	objectVersion = 77;
	objects = {

/* Begin PBXContainerItemProxy section */
		0FDB90CF2FF25BC3002337CA /* PBXContainerItemProxy */ = {
			isa = PBXContainerItemProxy;
			containerPortal = 0FDB90AD2FF25BBE002337CA /* Project object */;
			proxyType = 1;
			remoteGlobalIDString = 0FDB90B42FF25BBE002337CA;
			remoteInfo = "99 days in the house";
		};
		0FDB90D92FF25BC3002337CA /* PBXContainerItemProxy */ = {
			isa = PBXContainerItemProxy;
			containerPortal = 0FDB90AD2FF25BBE002337CA /* Project object */;
			proxyType = 1;
			remoteGlobalIDString = 0FDB90B42FF25BBE002337CA;
			remoteInfo = "99 days in the house";
		};
/* End PBXContainerItemProxy section */

/* Begin PBXFileReference section */
		0FDB90B52FF25BBE002337CA /* 99 days in the house.app */ = {isa = PBXFileReference; explicitFileType = wrapper.application; includeInIndex = 0; path = "99 days in the house.app"; sourceTree = BUILT_PRODUCTS_DIR; };
		0FDB90CE2FF25BC3002337CA /* 99 days in the houseTests.xctest */ = {isa = PBXFileReference; explicitFileType = wrapper.cfbundle; includeInIndex = 0; path = "99 days in the houseTests.xctest"; sourceTree = BUILT_PRODUCTS_DIR; };
		0FDB90D82FF25BC3002337CA /* 99 days in the houseUITests.xctest */ = {isa = PBXFileReference; explicitFileType = wrapper.cfbundle; includeInIndex = 0; path = "99 days in the houseUITests.xctest"; sourceTree = BUILT_PRODUCTS_DIR; };
/* End PBXFileReference section */

/* Begin PBXFileSystemSynchronizedRootGroup section */
		0FDB90B72FF25BBE002337CA /* 99 days in the house */ = {
			isa = PBXFileSystemSynchronizedRootGroup;
			path = "99 days in the house";
			sourceTree = "<group>";
		};
		0FDB90D12FF25BC3002337CA /* 99 days in the houseTests */ = {
			isa = PBXFileSystemSynchronizedRootGroup;
			path = "99 days in the houseTests";
			sourceTree = "<group>";
		};
		0FDB90DB2FF25BC3002337CA /* 99 days in the houseUITests */ = {
			isa = PBXFileSystemSynchronizedRootGroup;
			path = "99 days in the houseUITests";
			sourceTree = "<group>";
		};
/* End PBXFileSystemSynchronizedRootGroup section */

/* Begin PBXFrameworksBuildPhase section */
		0FDB90B22FF25BBE002337CA /* Frameworks */ = {
			isa = PBXFrameworksBuildPhase;
			buildActionMask = 2147483647;
			files = (
			);
			runOnlyForDeploymentPostprocessing = 0;
		};
		0FDB90CB2FF25BC3002337CA /* Frameworks */ = {
			isa = PBXFrameworksBuildPhase;
			buildActionMask = 2147483647;
			files = (
			);
			runOnlyForDeploymentPostprocessing = 0;
		};
		0FDB90D52FF25BC3002337CA /* Frameworks */ = {
			isa = PBXFrameworksBuildPhase;
			buildActionMask = 2147483647;
			files = (
			);
			runOnlyForDeploymentPostprocessing = 0;
		};
/* End PBXFrameworksBuildPhase section */

/* Begin PBXGroup section */
		0FDB90AC2FF25BBE002337CA = {
			isa = PBXGroup;
			children = (
				0FDB90B72FF25BBE002337CA /* 99 days in the house */,
				0FDB90D12FF25BC3002337CA /* 99 days in the houseTests */,
				0FDB90DB2FF25BC3002337CA /* 99 days in the houseUITests */,
				0FDB90B62FF25BBE002337CA /* Products */,
			);
			sourceTree = "<group>";
		};
		0FDB90B62FF25BBE002337CA /* Products */ = {
			isa = PBXGroup;
			children = (
				0FDB90B52FF25BBE002337CA /* 99 days in the house.app */,
				0FDB90CE2FF25BC3002337CA /* 99 days in the houseTests.xctest */,
				0FDB90D82FF25BC3002337CA /* 99 days in the houseUITests.xctest */,
			);
			name = Products;
			sourceTree = "<group>";
		};
/* End PBXGroup section */

/* Begin PBXNativeTarget section */
		0FDB90B42FF25BBE002337CA /* 99 days in the house */ = {
			isa = PBXNativeTarget;
			buildConfigurationList = 0FDB90E22FF25BC3002337CA /* Build configuration list for PBXNativeTarget "99 days in the house" */;
			buildPhases = (
				0FDB90B12FF25BBE002337CA /* Sources */,
				0FDB90B22FF25BBE002337CA /* Frameworks */,
				0FDB90B32FF25BBE002337CA /* Resources */,
			);
			buildRules = (
			);
			dependencies = (
			);
			fileSystemSynchronizedGroups = (
				0FDB90B72FF25BBE002337CA /* 99 days in the house */,
			);
			name = "99 days in the house";
			packageProductDependencies = (
			);
			productName = "99 days in the house";
			productReference = 0FDB90B52FF25BBE002337CA /* 99 days in the house.app */;
			productType = "com.apple.product-type.application";
		};
		0FDB90CD2FF25BC3002337CA /* 99 days in the houseTests */ = {
			isa = PBXNativeTarget;
			buildConfigurationList = 0FDB90E52FF25BC3002337CA /* Build configuration list for PBXNativeTarget "99 days in the houseTests" */;
			buildPhases = (
				0FDB90CA2FF25BC3002337CA /* Sources */,
				0FDB90CB2FF25BC3002337CA /* Frameworks */,
				0FDB90CC2FF25BC3002337CA /* Resources */,
			);
			buildRules = (
			);
			dependencies = (
				0FDB90D02FF25BC3002337CA /* PBXTargetDependency */,
			);
			fileSystemSynchronizedGroups = (
				0FDB90D12FF25BC3002337CA /* 99 days in the houseTests */,
			);
			name = "99 days in the houseTests";
			packageProductDependencies = (
			);
			productName = "99 days in the houseTests";
			productReference = 0FDB90CE2FF25BC3002337CA /* 99 days in the houseTests.xctest */;
			productType = "com.apple.product-type.bundle.unit-test";
		};
		0FDB90D72FF25BC3002337CA /* 99 days in the houseUITests */ = {
			isa = PBXNativeTarget;
			buildConfigurationList = 0FDB90E82FF25BC3002337CA /* Build configuration list for PBXNativeTarget "99 days in the houseUITests" */;
			buildPhases = (
				0FDB90D42FF25BC3002337CA /* Sources */,
				0FDB90D52FF25BC3002337CA /* Frameworks */,
				0FDB90D62FF25BC3002337CA /* Resources */,
			);
			buildRules = (
			);
			dependencies = (
				0FDB90DA2FF25BC3002337CA /* PBXTargetDependency */,
			);
			fileSystemSynchronizedGroups = (
				0FDB90DB2FF25BC3002337CA /* 99 days in the houseUITests */,
			);
			name = "99 days in the houseUITests";
			packageProductDependencies = (
			);
			productName = "99 days in the houseUITests";
			productReference = 0FDB90D82FF25BC3002337CA /* 99 days in the houseUITests.xctest */;
			productType = "com.apple.product-type.bundle.ui-testing";
		};
/* End PBXNativeTarget section */

/* Begin PBXProject section */
		0FDB90AD2FF25BBE002337CA /* Project object */ = {
			isa = PBXProject;
			attributes = {
				BuildIndependentTargetsInParallel = 1;
				LastSwiftUpdateCheck = 2610;
				LastUpgradeCheck = 2610;
				TargetAttributes = {
					0FDB90B42FF25BBE002337CA = {
						CreatedOnToolsVersion = 26.1.1;
					};
					0FDB90CD2FF25BC3002337CA = {
						CreatedOnToolsVersion = 26.1.1;
						TestTargetID = 0FDB90B42FF25BBE002337CA;
					};
					0FDB90D72FF25BC3002337CA = {
						CreatedOnToolsVersion = 26.1.1;
						TestTargetID = 0FDB90B42FF25BBE002337CA;
					};
				};
			};
			buildConfigurationList = 0FDB90B02FF25BBE002337CA /* Build configuration list for PBXProject "99 days in the house" */;
			developmentRegion = en;
			hasScannedForEncodings = 0;
			knownRegions = (
				en,
				Base,
			);
			mainGroup = 0FDB90AC2FF25BBE002337CA;
			minimizedProjectReferenceProxies = 1;
			preferredProjectObjectVersion = 77;
			productRefGroup = 0FDB90B62FF25BBE002337CA /* Products */;
			projectDirPath = "";
			projectRoot = "";
			targets = (
				0FDB90B42FF25BBE002337CA /* 99 days in the house */,
				0FDB90CD2FF25BC3002337CA /* 99 days in the houseTests */,
				0FDB90D72FF25BC3002337CA /* 99 days in the houseUITests */,
			);
		};
/* End PBXProject section */

/* Begin PBXResourcesBuildPhase section */
		0FDB90B32FF25BBE002337CA /* Resources */ = {
			isa = PBXResourcesBuildPhase;
			buildActionMask = 2147483647;
			files = (
			);
			runOnlyForDeploymentPostprocessing = 0;
		};
		0FDB90CC2FF25BC3002337CA /* Resources */ = {
			isa = PBXResourcesBuildPhase;
			buildActionMask = 2147483647;
			files = (
			);
			runOnlyForDeploymentPostprocessing = 0;
		};
		0FDB90D62FF25BC3002337CA /* Resources */ = {
			isa = PBXResourcesBuildPhase;
			buildActionMask = 2147483647;
			files = (
			);
			runOnlyForDeploymentPostprocessing = 0;
		};
/* End PBXResourcesBuildPhase section */

/* Begin PBXSourcesBuildPhase section */
		0FDB90B12FF25BBE002337CA /* Sources */ = {
			isa = PBXSourcesBuildPhase;
			buildActionMask = 2147483647;
			files = (
			);
			runOnlyForDeploymentPostprocessing = 0;
		};
		0FDB90CA2FF25BC3002337CA /* Sources */ = {
			isa = PBXSourcesBuildPhase;
			buildActionMask = 2147483647;
			files = (
			);
			runOnlyForDeploymentPostprocessing = 0;
		};
		0FDB90D42FF25BC3002337CA /* Sources */ = {
			isa = PBXSourcesBuildPhase;
			buildActionMask = 2147483647;
			files = (
			);
			runOnlyForDeploymentPostprocessing = 0;
		};
/* End PBXSourcesBuildPhase section */

/* Begin PBXTargetDependency section */
		0FDB90D02FF25BC3002337CA /* PBXTargetDependency */ = {
			isa = PBXTargetDependency;
			target = 0FDB90B42FF25BBE002337CA /* 99 days in the house */;
			targetProxy = 0FDB90CF2FF25BC3002337CA /* PBXContainerItemProxy */;
		};
		0FDB90DA2FF25BC3002337CA /* PBXTargetDependency */ = {
			isa = PBXTargetDependency;
			target = 0FDB90B42FF25BBE002337CA /* 99 days in the house */;
			targetProxy = 0FDB90D92FF25BC3002337CA /* PBXContainerItemProxy */;
		};
/* End PBXTargetDependency section */

/* Begin XCBuildConfiguration section */
		0FDB90E02FF25BC3002337CA /* Debug */ = {
			isa = XCBuildConfiguration;
			buildSettings = {
				ALWAYS_SEARCH_USER_PATHS = NO;
				ASSETCATALOG_COMPILER_GENERATE_SWIFT_ASSET_SYMBOL_EXTENSIONS = YES;
				CLANG_ANALYZER_NONNULL = YES;
				CLANG_ANALYZER_NUMBER_OBJECT_CONVERSION = YES_AGGRESSIVE;
				CLANG_CXX_LANGUAGE_STANDARD = "gnu++20";
				CLANG_ENABLE_MODULES = YES;
				CLANG_ENABLE_OBJC_ARC = YES;
				CLANG_ENABLE_OBJC_WEAK = YES;
				CLANG_WARN_BLOCK_CAPTURE_AUTORELEASING = YES;
				CLANG_WARN_BOOL_CONVERSION = YES;
				CLANG_WARN_COMMA = YES;
				CLANG_WARN_CONSTANT_CONVERSION = YES;
				CLANG_WARN_DEPRECATED_OBJC_IMPLEMENTATIONS = YES;
				CLANG_WARN_DIRECT_OBJC_ISA_USAGE = YES_ERROR;
				CLANG_WARN_DOCUMENTATION_COMMENTS = YES;
				CLANG_WARN_EMPTY_BODY = YES;
				CLANG_WARN_ENUM_CONVERSION = YES;
				CLANG_WARN_INFINITE_RECURSION = YES;
				CLANG_WARN_INT_CONVERSION = YES;
				CLANG_WARN_NON_LITERAL_NULL_CONVERSION = YES;
				CLANG_WARN_OBJC_IMPLICIT_RETAIN_SELF = YES;
				CLANG_WARN_OBJC_LITERAL_CONVERSION = YES;
				CLANG_WARN_OBJC_ROOT_CLASS = YES_ERROR;
				CLANG_WARN_QUOTED_INCLUDE_IN_FRAMEWORK_HEADER = YES;
				CLANG_WARN_RANGE_LOOP_ANALYSIS = YES;
				CLANG_WARN_STRICT_PROTOTYPES = YES;
				CLANG_WARN_SUSPICIOUS_MOVE = YES;
				CLANG_WARN_UNGUARDED_AVAILABILITY = YES_AGGRESSIVE;
				CLANG_WARN_UNREACHABLE_CODE = YES;
				CLANG_WARN__DUPLICATE_METHOD_MATCH = YES;
				COPY_PHASE_STRIP = NO;
				DEBUG_INFORMATION_FORMAT = dwarf;
				DEVELOPMENT_TEAM = EYWEP6YJP9;
				ENABLE_STRICT_OBJC_MSGSEND = YES;
				ENABLE_TESTABILITY = YES;
				ENABLE_USER_SCRIPT_SANDBOXING = YES;
				GCC_C_LANGUAGE_STANDARD = gnu17;
				GCC_DYNAMIC_NO_PIC = NO;
				GCC_NO_COMMON_BLOCKS = YES;
				GCC_OPTIMIZATION_LEVEL = 0;
				GCC_PREPROCESSOR_DEFINITIONS = (
					"DEBUG=1",
					"$(inherited)",
				);
				GCC_WARN_64_TO_32_BIT_CONVERSION = YES;
				GCC_WARN_ABOUT_RETURN_TYPE = YES_ERROR;
				GCC_WARN_UNDECLARED_SELECTOR = YES;
				GCC_WARN_UNINITIALIZED_AUTOS = YES_AGGRESSIVE;
				GCC_WARN_UNUSED_FUNCTION = YES;
				GCC_WARN_UNUSED_VARIABLE = YES;
				IPHONEOS_DEPLOYMENT_TARGET = 26.1;
				LOCALIZATION_PREFERS_STRING_CATALOGS = YES;
				MTL_ENABLE_DEBUG_INFO = INCLUDE_SOURCE;
				MTL_FAST_MATH = YES;
				ONLY_ACTIVE_ARCH = YES;
				SDKROOT = iphoneos;
				SWIFT_ACTIVE_COMPILATION_CONDITIONS = "DEBUG $(inherited)";
				SWIFT_OPTIMIZATION_LEVEL = "-Onone";
			};
			name = Debug;
		};
		0FDB90E12FF25BC3002337CA /* Release */ = {
			isa = XCBuildConfiguration;
			buildSettings = {
				ALWAYS_SEARCH_USER_PATHS = NO;
				ASSETCATALOG_COMPILER_GENERATE_SWIFT_ASSET_SYMBOL_EXTENSIONS = YES;
				CLANG_ANALYZER_NONNULL = YES;
				CLANG_ANALYZER_NUMBER_OBJECT_CONVERSION = YES_AGGRESSIVE;
				CLANG_CXX_LANGUAGE_STANDARD = "gnu++20";
				CLANG_ENABLE_MODULES = YES;
				CLANG_ENABLE_OBJC_ARC = YES;
				CLANG_ENABLE_OBJC_WEAK = YES;
				CLANG_WARN_BLOCK_CAPTURE_AUTORELEASING = YES;
				CLANG_WARN_BOOL_CONVERSION = YES;
				CLANG_WARN_COMMA = YES;
				CLANG_WARN_CONSTANT_CONVERSION = YES;
				CLANG_WARN_DEPRECATED_OBJC_IMPLEMENTATIONS = YES;
				CLANG_WARN_DIRECT_OBJC_ISA_USAGE = YES_ERROR;
				CLANG_WARN_DOCUMENTATION_COMMENTS = YES;
				CLANG_WARN_EMPTY_BODY = YES;
				CLANG_WARN_ENUM_CONVERSION = YES;
				CLANG_WARN_INFINITE_RECURSION = YES;
				CLANG_WARN_INT_CONVERSION = YES;
				CLANG_WARN_NON_LITERAL_NULL_CONVERSION = YES;
				CLANG_WARN_OBJC_IMPLICIT_RETAIN_SELF = YES;
				CLANG_WARN_OBJC_LITERAL_CONVERSION = YES;
				CLANG_WARN_OBJC_ROOT_CLASS = YES_ERROR;
				CLANG_WARN_QUOTED_INCLUDE_IN_FRAMEWORK_HEADER = YES;
				CLANG_WARN_RANGE_LOOP_ANALYSIS = YES;
				CLANG_WARN_STRICT_PROTOTYPES = YES;
				CLANG_WARN_SUSPICIOUS_MOVE = YES;
				CLANG_WARN_UNGUARDED_AVAILABILITY = YES_AGGRESSIVE;
				CLANG_WARN_UNREACHABLE_CODE = YES;
				CLANG_WARN__DUPLICATE_METHOD_MATCH = YES;
				COPY_PHASE_STRIP = NO;
				DEBUG_INFORMATION_FORMAT = "dwarf-with-dsym";
				DEVELOPMENT_TEAM = EYWEP6YJP9;
				ENABLE_NS_ASSERTIONS = NO;
				ENABLE_STRICT_OBJC_MSGSEND = YES;
				ENABLE_USER_SCRIPT_SANDBOXING = YES;
				GCC_C_LANGUAGE_STANDARD = gnu17;
				GCC_NO_COMMON_BLOCKS = YES;
				GCC_WARN_64_TO_32_BIT_CONVERSION = YES;
				GCC_WARN_ABOUT_RETURN_TYPE = YES_ERROR;
				GCC_WARN_UNDECLARED_SELECTOR = YES;
				GCC_WARN_UNINITIALIZED_AUTOS = YES_AGGRESSIVE;
				GCC_WARN_UNUSED_FUNCTION = YES;
				GCC_WARN_UNUSED_VARIABLE = YES;
				IPHONEOS_DEPLOYMENT_TARGET = 26.1;
				LOCALIZATION_PREFERS_STRING_CATALOGS = YES;
				MTL_ENABLE_DEBUG_INFO = NO;
				MTL_FAST_MATH = YES;
				SDKROOT = iphoneos;
				SWIFT_COMPILATION_MODE = wholemodule;
				VALIDATE_PRODUCT = YES;
			};
			name = Release;
		};
		0FDB90E32FF25BC3002337CA /* Debug */ = {
			isa = XCBuildConfiguration;
			buildSettings = {
				ASSETCATALOG_COMPILER_APPICON_NAME = AppIcon;
				ASSETCATALOG_COMPILER_GLOBAL_ACCENT_COLOR_NAME = AccentColor;
				CODE_SIGN_STYLE = Automatic;
				CURRENT_PROJECT_VERSION = 1;
				DEVELOPMENT_TEAM = EYWEP6YJP9;
				GENERATE_INFOPLIST_FILE = YES;
				INFOPLIST_KEY_UIApplicationSupportsIndirectInputEvents = YES;
				INFOPLIST_KEY_UILaunchStoryboardName = LaunchScreen;
				INFOPLIST_KEY_UIMainStoryboardFile = Main;
				INFOPLIST_KEY_UIStatusBarHidden = YES;
				INFOPLIST_KEY_UISupportedInterfaceOrientations_iPad = "UIInterfaceOrientationPortrait UIInterfaceOrientationPortraitUpsideDown UIInterfaceOrientationLandscapeLeft UIInterfaceOrientationLandscapeRight";
				INFOPLIST_KEY_UISupportedInterfaceOrientations_iPhone = "UIInterfaceOrientationPortrait UIInterfaceOrientationLandscapeLeft UIInterfaceOrientationLandscapeRight";
				LD_RUNPATH_SEARCH_PATHS = (
					"$(inherited)",
					"@executable_path/Frameworks",
				);
				MARKETING_VERSION = 1.0;
				PRODUCT_BUNDLE_IDENTIFIER = "com.macmonsters.99-days-in-the-house";
				PRODUCT_NAME = "$(TARGET_NAME)";
				STRING_CATALOG_GENERATE_SYMBOLS = YES;
				SWIFT_APPROACHABLE_CONCURRENCY = YES;
				SWIFT_DEFAULT_ACTOR_ISOLATION = MainActor;
				SWIFT_EMIT_LOC_STRINGS = YES;
				SWIFT_UPCOMING_FEATURE_MEMBER_IMPORT_VISIBILITY = YES;
				SWIFT_VERSION = 5.0;
				TARGETED_DEVICE_FAMILY = "1,2";
			};
			name = Debug;
		};
		0FDB90E42FF25BC3002337CA /* Release */ = {
			isa = XCBuildConfiguration;
			buildSettings = {
				ASSETCATALOG_COMPILER_APPICON_NAME = AppIcon;
				ASSETCATALOG_COMPILER_GLOBAL_ACCENT_COLOR_NAME = AccentColor;
				CODE_SIGN_STYLE = Automatic;
				CURRENT_PROJECT_VERSION = 1;
				DEVELOPMENT_TEAM = EYWEP6YJP9;
				GENERATE_INFOPLIST_FILE = YES;
				INFOPLIST_KEY_UIApplicationSupportsIndirectInputEvents = YES;
				INFOPLIST_KEY_UILaunchStoryboardName = LaunchScreen;
				INFOPLIST_KEY_UIMainStoryboardFile = Main;
				INFOPLIST_KEY_UIStatusBarHidden = YES;
				INFOPLIST_KEY_UISupportedInterfaceOrientations_iPad = "UIInterfaceOrientationPortrait UIInterfaceOrientationPortraitUpsideDown UIInterfaceOrientationLandscapeLeft UIInterfaceOrientationLandscapeRight";
				INFOPLIST_KEY_UISupportedInterfaceOrientations_iPhone = "UIInterfaceOrientationPortrait UIInterfaceOrientationLandscapeLeft UIInterfaceOrientationLandscapeRight";
				LD_RUNPATH_SEARCH_PATHS = (
					"$(inherited)",
					"@executable_path/Frameworks",
				);
				MARKETING_VERSION = 1.0;
				PRODUCT_BUNDLE_IDENTIFIER = "com.macmonsters.99-days-in-the-house";
				PRODUCT_NAME = "$(TARGET_NAME)";
				STRING_CATALOG_GENERATE_SYMBOLS = YES;
				SWIFT_APPROACHABLE_CONCURRENCY = YES;
				SWIFT_DEFAULT_ACTOR_ISOLATION = MainActor;
				SWIFT_EMIT_LOC_STRINGS = YES;
				SWIFT_UPCOMING_FEATURE_MEMBER_IMPORT_VISIBILITY = YES;
				SWIFT_VERSION = 5.0;
				TARGETED_DEVICE_FAMILY = "1,2";
			};
			name = Release;
		};
		0FDB90E62FF25BC3002337CA /* Debug */ = {
			isa = XCBuildConfiguration;
			buildSettings = {
				BUNDLE_LOADER = "$(TEST_HOST)";
				CODE_SIGN_STYLE = Automatic;
				CURRENT_PROJECT_VERSION = 1;
				DEVELOPMENT_TEAM = EYWEP6YJP9;
				GENERATE_INFOPLIST_FILE = YES;
				IPHONEOS_DEPLOYMENT_TARGET = 26.1;
				MARKETING_VERSION = 1.0;
				PRODUCT_BUNDLE_IDENTIFIER = "com.macmonsters.99-days-in-the-houseTests";
				PRODUCT_NAME = "$(TARGET_NAME)";
				STRING_CATALOG_GENERATE_SYMBOLS = NO;
				SWIFT_APPROACHABLE_CONCURRENCY = YES;
				SWIFT_EMIT_LOC_STRINGS = NO;
				SWIFT_UPCOMING_FEATURE_MEMBER_IMPORT_VISIBILITY = YES;
				SWIFT_VERSION = 5.0;
				TARGETED_DEVICE_FAMILY = "1,2";
				TEST_HOST = "$(BUILT_PRODUCTS_DIR)/99 days in the house.app/$(BUNDLE_EXECUTABLE_FOLDER_PATH)/99 days in the house";
			};
			name = Debug;
		};
		0FDB90E72FF25BC3002337CA /* Release */ = {
			isa = XCBuildConfiguration;
			buildSettings = {
				BUNDLE_LOADER = "$(TEST_HOST)";
				CODE_SIGN_STYLE = Automatic;
				CURRENT_PROJECT_VERSION = 1;
				DEVELOPMENT_TEAM = EYWEP6YJP9;
				GENERATE_INFOPLIST_FILE = YES;
				IPHONEOS_DEPLOYMENT_TARGET = 26.1;
				MARKETING_VERSION = 1.0;
				PRODUCT_BUNDLE_IDENTIFIER = "com.macmonsters.99-days-in-the-houseTests";
				PRODUCT_NAME = "$(TARGET_NAME)";
				STRING_CATALOG_GENERATE_SYMBOLS = NO;
				SWIFT_APPROACHABLE_CONCURRENCY = YES;
				SWIFT_EMIT_LOC_STRINGS = NO;
				SWIFT_UPCOMING_FEATURE_MEMBER_IMPORT_VISIBILITY = YES;
				SWIFT_VERSION = 5.0;
				TARGETED_DEVICE_FAMILY = "1,2";
				TEST_HOST = "$(BUILT_PRODUCTS_DIR)/99 days in the house.app/$(BUNDLE_EXECUTABLE_FOLDER_PATH)/99 days in the house";
			};
			name = Release;
		};
		0FDB90E92FF25BC3002337CA /* Debug */ = {
			isa = XCBuildConfiguration;
			buildSettings = {
				CODE_SIGN_STYLE = Automatic;
				CURRENT_PROJECT_VERSION = 1;
				DEVELOPMENT_TEAM = EYWEP6YJP9;
				GENERATE_INFOPLIST_FILE = YES;
				MARKETING_VERSION = 1.0;
				PRODUCT_BUNDLE_IDENTIFIER = "com.macmonsters.99-days-in-the-houseUITests";
				PRODUCT_NAME = "$(TARGET_NAME)";
				STRING_CATALOG_GENERATE_SYMBOLS = NO;
				SWIFT_APPROACHABLE_CONCURRENCY = YES;
				SWIFT_EMIT_LOC_STRINGS = NO;
				SWIFT_UPCOMING_FEATURE_MEMBER_IMPORT_VISIBILITY = YES;
				SWIFT_VERSION = 5.0;
				TARGETED_DEVICE_FAMILY = "1,2";
				TEST_TARGET_NAME = "99 days in the house";
			};
			name = Debug;
		};
		0FDB90EA2FF25BC3002337CA /* Release */ = {
			isa = XCBuildConfiguration;
			buildSettings = {
				CODE_SIGN_STYLE = Automatic;
				CURRENT_PROJECT_VERSION = 1;
				DEVELOPMENT_TEAM = EYWEP6YJP9;
				GENERATE_INFOPLIST_FILE = YES;
				MARKETING_VERSION = 1.0;
				PRODUCT_BUNDLE_IDENTIFIER = "com.macmonsters.99-days-in-the-houseUITests";
				PRODUCT_NAME = "$(TARGET_NAME)";
				STRING_CATALOG_GENERATE_SYMBOLS = NO;
				SWIFT_APPROACHABLE_CONCURRENCY = YES;
				SWIFT_EMIT_LOC_STRINGS = NO;
				SWIFT_UPCOMING_FEATURE_MEMBER_IMPORT_VISIBILITY = YES;
				SWIFT_VERSION = 5.0;
				TARGETED_DEVICE_FAMILY = "1,2";
				TEST_TARGET_NAME = "99 days in the house";
			};
			name = Release;
		};
/* End XCBuildConfiguration section */

/* Begin XCConfigurationList section */
		0FDB90B02FF25BBE002337CA /* Build configuration list for PBXProject "99 days in the house" */ = {
			isa = XCConfigurationList;
			buildConfigurations = (
				0FDB90E02FF25BC3002337CA /* Debug */,
				0FDB90E12FF25BC3002337CA /* Release */,
			);
			defaultConfigurationIsVisible = 0;
			defaultConfigurationName = Release;
		};
		0FDB90E22FF25BC3002337CA /* Build configuration list for PBXNativeTarget "99 days in the house" */ = {
			isa = XCConfigurationList;
			buildConfigurations = (
				0FDB90E32FF25BC3002337CA /* Debug */,
				0FDB90E42FF25BC3002337CA /* Release */,
			);
			defaultConfigurationIsVisible = 0;
			defaultConfigurationName = Release;
		};
		0FDB90E52FF25BC3002337CA /* Build configuration list for PBXNativeTarget "99 days in the houseTests" */ = {
			isa = XCConfigurationList;
			buildConfigurations = (
				0FDB90E62FF25BC3002337CA /* Debug */,
				0FDB90E72FF25BC3002337CA /* Release */,
			);
			defaultConfigurationIsVisible = 0;
			defaultConfigurationName = Release;
		};
		0FDB90E82FF25BC3002337CA /* Build configuration list for PBXNativeTarget "99 days in the houseUITests" */ = {
			isa = XCConfigurationList;
			buildConfigurations = (
				0FDB90E92FF25BC3002337CA /* Debug */,
				0FDB90EA2FF25BC3002337CA /* Release */,
			);
			defaultConfigurationIsVisible = 0;
			defaultConfigurationName = Release;
		};
/* End XCConfigurationList section */
	};
	rootObject = 0FDB90AD2FF25BBE002337CA /* Project object */;
}
